// !$*UTF8*$!
{
	archiveVersion = 1;
	classes = {
	};
	objectVersion = 46;
	objects = {

/* Begin PBXBuildFile section */
		D5C5B80E1DB95F7B00869703 /* AppDelegate.swift in Sources */ = {isa = PBXBuildFile; fileRef = D5C5B80D1DB95F7B00869703 /* AppDelegate.swift */; };
		D5C5B8101DB95F7B00869703 /* ViewController.swift in Sources */ = {isa = PBXBuildFile; fileRef = D5C5B80F1DB95F7B00869703 /* ViewController.swift */; };
		D5C5B8131DB95F7B00869703 /* Main.storyboard in Resources */ = {isa = PBXBuildFile; fileRef = D5C5B8111DB95F7B00869703 /* Main.storyboard */; };
		D5C5B8151DB95F7B00869703 /* Assets.xcassets in Resources */ = {isa = PBXBuildFile; fileRef = D5C5B8141DB95F7B00869703 /* Assets.xcassets */; };
		D5C5B8181DB95F7B00869703 /* LaunchScreen.storyboard in Resources */ = {isa = PBXBuildFile; fileRef = D5C5B8161DB95F7B00869703 /* LaunchScreen.storyboard */; };
		D5C5B8231DB95F7B00869703 /* MiraclePillTests.swift in Sources */ = {isa = PBXBuildFile; fileRef = D5C5B8221DB95F7B00869703 /* MiraclePillTests.swift */; };
		D5C5B82E1DB95F7B00869703 /* MiraclePillUITests.swift in Sources */ = {isa = PBXBuildFile; fileRef = D5C5B82D1DB95F7B00869703 /* MiraclePillUITests.swift */; };
/* End PBXBuildFile section */

/* Begin PBXContainerItemProxy section */
		D5C5B81F1DB95F7B00869703 /* PBXContainerItemProxy */ = {
			isa = PBXContainerItemProxy;
			containerPortal = D5C5B8021DB95F7800869703 /* Project object */;
			proxyType = 1;
			remoteGlobalIDString = D5C5B8091DB95F7800869703;
			remoteInfo = MiraclePill;
		};
		D5C5B82A1DB95F7B00869703 /* PBXContainerItemProxy */ = {
			isa = PBXContainerItemProxy;
			containerPortal = D5C5B8021DB95F7800869703 /* Project object */;
			proxyType = 1;
			remoteGlobalIDString = D5C5B8091DB95F7800869703;
			remoteInfo = MiraclePill;
		};
/* End PBXContainerItemProxy section */

/* Begin PBXFileReference section */
		D5C5B80A1DB95F7B00869703 /* MiraclePill.app */ = {isa = PBXFileReference; explicitFileType = wrapper.application; includeInIndex = 0; path = MiraclePill.app; sourceTree = BUILT_PRODUCTS_DIR; };
		D5C5B80D1DB95F7B00869703 /* AppDelegate.swift */ = {isa = PBXFileReference; lastKnownFileType = sourcecode.swift; path = AppDelegate.swift; sourceTree = "<group>"; };
		D5C5B80F1DB95F7B00869703 /* ViewController.swift */ = {isa = PBXFileReference; lastKnownFileType = sourcecode.swift; path = ViewController.swift; sourceTree = "<group>"; };
		D5C5B8121DB95F7B00869703 /* Base */ = {isa = PBXFileReference; lastKnownFileType = file.storyboard; name = Base; path = Base.lproj/Main.storyboard; sourceTree = "<group>"; };
		D5C5B8141DB95F7B00869703 /* Assets.xcassets */ = {isa = PBXFileReference; lastKnownFileType = folder.assetcatalog; path = Assets.xcassets; sourceTree = "<group>"; };
		D5C5B8171DB95F7B00869703 /* Base */ = {isa = PBXFileReference; lastKnownFileType = file.storyboard; name = Base; path = Base.lproj/LaunchScreen.storyboard; sourceTree = "<group>"; };
		D5C5B8191DB95F7B00869703 /* Info.plist */ = {isa = PBXFileReference; lastKnownFileType = text.plist.xml; path = Info.plist; sourceTree = "<group>"; };
		D5C5B81E1DB95F7B00869703 /* MiraclePillTests.xctest */ = {isa = PBXFileReference; explicitFileType = wrapper.cfbundle; includeInIndex = 0; path = MiraclePillTests.xctest; sourceTree = BUILT_PRODUCTS_DIR; };
		D5C5B8221DB95F7B00869703 /* MiraclePillTests.swift */ = {isa = PBXFileReference; lastKnownFileType = sourcecode.swift; path = MiraclePillTests.swift; sourceTree = "<group>"; };
		D5C5B8241DB95F7B00869703 /* Info.plist */ = {isa = PBXFileReference; lastKnownFileType = text.plist.xml; path = Info.plist; sourceTree = "<group>"; };
		D5C5B8291DB95F7B00869703 /* MiraclePillUITests.xctest */ = {isa = PBXFileReference; explicitFileType = wrapper.cfbundle; includeInIndex = 0; path = MiraclePillUITests.xctest; sourceTree = BUILT_PRODUCTS_DIR; };
		D5C5B82D1DB95F7B00869703 /* MiraclePillUITests.swift */ = {isa = PBXFileReference; lastKnownFileType = sourcecode.swift; path = MiraclePillUITests.swift; sourceTree = "<group>"; };
		D5C5B82F1DB95F7B00869703 /* Info.plist */ = {isa = PBXFileReference; lastKnownFileType = text.plist.xml; path = Info.plist; sourceTree = "<group>"; };
/* End PBXFileReference section */

/* Begin PBXFrameworksBuildPhase section */
		D5C5B8071DB95F7800869703 /* Frameworks */ = {
			isa = PBXFrameworksBuildPhase;
			buildActionMask = 2147483647;
			files = (
			);
			runOnlyForDeploymentPostprocessing = 0;
		};
		D5C5B81B1DB95F7B00869703 /* Frameworks */ = {
			isa = PBXFrameworksBuildPhase;
			buildActionMask = 2147483647;
			files = (
			);
			runOnlyForDeploymentPostprocessing = 0;
		};
		D5C5B8261DB95F7B00869703 /* Frameworks */ = {
			isa = PBXFrameworksBuildPhase;
			buildActionMask = 2147483647;
			files = (
			);
			runOnlyForDeploymentPostprocessing = 0;
		};
/* End PBXFrameworksBuildPhase section */

/* Begin PBXGroup section */
		D5C5B8011DB95F7800869703 = {
			isa = PBXGroup;
			children = (
				D5C5B80C1DB95F7B00869703 /* MiraclePill */,
				D5C5B8211DB95F7B00869703 /* MiraclePillTests */,
				D5C5B82C1DB95F7B00869703 /* MiraclePillUITests */,
				D5C5B80B1DB95F7B00869703 /* Products */,
			);
			sourceTree = "<group>";
		};
		D5C5B80B1DB95F7B00869703 /* Products */ = {
			isa = PBXGroup;
			children = (
				D5C5B80A1DB95F7B00869703 /* MiraclePill.app */,
				D5C5B81E1DB95F7B00869703 /* MiraclePillTests.xctest */,
				D5C5B8291DB95F7B00869703 /* MiraclePillUITests.xctest */,
			);
			name = Products;
			sourceTree = "<group>";
		};
		D5C5B80C1DB95F7B00869703 /* MiraclePill */ = {
			isa = PBXGroup;
			children = (
				D5C5B80D1DB95F7B00869703 /* AppDelegate.swift */,
				D5C5B80F1DB95F7B00869703 /* ViewController.swift */,
				D5C5B8111DB95F7B00869703 /* Main.storyboard */,
				D5C5B8141DB95F7B00869703 /* Assets.xcassets */,
				D5C5B8161DB95F7B00869703 /* LaunchScreen.storyboard */,
				D5C5B8191DB95F7B00869703 /* Info.plist */,
			);
			path = MiraclePill;
			sourceTree = "<group>";
		};
		D5C5B8211DB95F7B00869703 /* MiraclePillTests */ = {
			isa = PBXGroup;
			children = (
				D5C5B8221DB95F7B00869703 /* MiraclePillTests.swift */,
				D5C5B8241DB95F7B00869703 /* Info.plist */,
			);
			path = MiraclePillTests;
			sourceTree = "<group>";
		};
		D5C5B82C1DB95F7B00869703 /* MiraclePillUITests */ = {
			isa = PBXGroup;
			children = (
				D5C5B82D1DB95F7B00869703 /* MiraclePillUITests.swift */,
				D5C5B82F1DB95F7B00869703 /* Info.plist */,
			);
			path = MiraclePillUITests;
			sourceTree = "<group>";
		};
/* End PBXGroup section */

/* Begin PBXNativeTarget section */
		D5C5B8091DB95F7800869703 /* MiraclePill */ = {
			isa = PBXNativeTarget;
			buildConfigurationList = D5C5B8321DB95F7B00869703 /* Build configuration list for PBXNativeTarget "MiraclePill" */;
			buildPhases = (
				D5C5B8061DB95F7800869703 /* Sources */,
				D5C5B8071DB95F7800869703 /* Frameworks */,
				D5C5B8081DB95F7800869703 /* Resources */,
			);
			buildRules = (
			);
			dependencies = (
			);
			name = MiraclePill;
			productName = MiraclePill;
			productReference = D5C5B80A1DB95F7B00869703 /* MiraclePill.app */;
			productType = "com.apple.product-type.application";
		};
		D5C5B81D1DB95F7B00869703 /* MiraclePillTests */ = {
			isa = PBXNativeTarget;
			buildConfigurationList = D5C5B8351DB95F7B00869703 /* Build configuration list for PBXNativeTarget "MiraclePillTests" */;
			buildPhases = (
				D5C5B81A1DB95F7B00869703 /* Sources */,
				D5C5B81B1DB95F7B00869703 /* Frameworks */,
				D5C5B81C1DB95F7B00869703 /* Resources */,
			);
			buildRules = (
			);
			dependencies = (
				D5C5B8201DB95F7B00869703 /* PBXTargetDependency */,
			);
			name = MiraclePillTests;
			productName = MiraclePillTests;
			productReference = D5C5B81E1DB95F7B00869703 /* MiraclePillTests.xctest */;
			productType = "com.apple.product-type.bundle.unit-test";
		};
		D5C5B8281DB95F7B00869703 /* MiraclePillUITests */ = {
			isa = PBXNativeTarget;
			buildConfigurationList = D5C5B8381DB95F7B00869703 /* Build configuration list for PBXNativeTarget "MiraclePillUITests" */;
			buildPhases = (
				D5C5B8251DB95F7B00869703 /* Sources */,
				D5C5B8261DB95F7B00869703 /* Frameworks */,
				D5C5B8271DB95F7B00869703 /* Resources */,
			);
			buildRules = (
			);
			dependencies = (
				D5C5B82B1DB95F7B00869703 /* PBXTargetDependency */,
			);
			name = MiraclePillUITests;
			productName = MiraclePillUITests;
			productReference = D5C5B8291DB95F7B00869703 /* MiraclePillUITests.xctest */;
			productType = "com.apple.product-type.bundle.ui-testing";
		};
/* End PBXNativeTarget section */

/* Begin PBXProject section */
		D5C5B8021DB95F7800869703 /* Project object */ = {
			isa = PBXProject;
			attributes = {
				LastSwiftUpdateCheck = 0800;
				LastUpgradeCheck = 0800;
				ORGANIZATIONNAME = codeworx;
				TargetAttributes = {
					D5C5B8091DB95F7800869703 = {
						CreatedOnToolsVersion = 8.0;
						DevelopmentTeam = PSSB73WT7F;
						ProvisioningStyle = Automatic;
					};
					D5C5B81D1DB95F7B00869703 = {
						CreatedOnToolsVersion = 8.0;
						DevelopmentTeam = PSSB73WT7F;
						ProvisioningStyle = Automatic;
						TestTargetID = D5C5B8091DB95F7800869703;
					};
					D5C5B8281DB95F7B00869703 = {
						CreatedOnToolsVersion = 8.0;
						DevelopmentTeam = PSSB73WT7F;
						ProvisioningStyle = Automatic;
						TestTargetID = D5C5B8091DB95F7800869703;
					};
				};
			};
			buildConfigurationList = D5C5B8051DB95F7800869703 /* Build configuration list for PBXProject "MiraclePill" */;
			compatibilityVersion = "Xcode 3.2";
			developmentRegion = English;
			hasScannedForEncodings = 0;
			knownRegions = (
				en,
				Base,
			);
			mainGroup = D5C5B8011DB95F7800869703;
			productRefGroup = D5C5B80B1DB95F7B00869703 /* Products */;
			projectDirPath = "";
			projectRoot = "";
			targets = (
				D5C5B8091DB95F7800869703 /* MiraclePill */,
				D5C5B81D1DB95F7B00869703 /* MiraclePillTests */,
				D5C5B8281DB95F7B00869703 /* MiraclePillUITests */,
			);
		};
/* End PBXProject section */

/* Begin PBXResourcesBuildPhase section */
		D5C5B8081DB95F7800869703 /* Resources */ = {
			isa = PBXResourcesBuildPhase;
			buildActionMask = 2147483647;
			files = (
				D5C5B8181DB95F7B00869703 /* LaunchScreen.storyboard in Resources */,
				D5C5B8151DB95F7B00869703 /* Assets.xcassets in Resources */,
				D5C5B8131DB95F7B00869703 /* Main.storyboard in Resources */,
			);
			runOnlyForDeploymentPostprocessing = 0;
		};
		D5C5B81C1DB95F7B00869703 /* Resources */ = {
			isa = PBXResourcesBuildPhase;
			buildActionMask = 2147483647;
			files = (
			);
			runOnlyForDeploymentPostprocessing = 0;
		};
		D5C5B8271DB95F7B00869703 /* Resources */ = {
			isa = PBXResourcesBuildPhase;
			buildActionMask = 2147483647;
			files = (
			);
			runOnlyForDeploymentPostprocessing = 0;
		};
/* End PBXResourcesBuildPhase section */

/* Begin PBXSourcesBuildPhase section */
		D5C5B8061DB95F7800869703 /* Sources */ = {
			isa = PBXSourcesBuildPhase;
			buildActionMask = 2147483647;
			files = (
				D5C5B8101DB95F7B00869703 /* ViewController.swift in Sources */,
				D5C5B80E1DB95F7B00869703 /* AppDelegate.swift in Sources */,
			);
			runOnlyForDeploymentPostprocessing = 0;
		};
		D5C5B81A1DB95F7B00869703 /* Sources */ = {
			isa = PBXSourcesBuildPhase;
			buildActionMask = 2147483647;
			files = (
				D5C5B8231DB95F7B00869703 /* MiraclePillTests.swift in Sources */,
			);
			runOnlyForDeploymentPostprocessing = 0;
		};
		D5C5B8251DB95F7B00869703 /* Sources */ = {
			isa = PBXSourcesBuildPhase;
			buildActionMask = 2147483647;
			files = (
				D5C5B82E1DB95F7B00869703 /* MiraclePillUITests.swift in Sources */,
			);
			runOnlyForDeploymentPostprocessing = 0;
		};
/* End PBXSourcesBuildPhase section */

/* Begin PBXTargetDependency section */
		D5C5B8201DB95F7B00869703 /* PBXTargetDependency */ = {
			isa = PBXTargetDependency;
			target = D5C5B8091DB95F7800869703 /* MiraclePill */;
			targetProxy = D5C5B81F1DB95F7B00869703 /* PBXContainerItemProxy */;
		};
		D5C5B82B1DB95F7B00869703 /* PBXTargetDependency */ = {
			isa = PBXTargetDependency;
			target = D5C5B8091DB95F7800869703 /* MiraclePill */;
			targetProxy = D5C5B82A1DB95F7B00869703 /* PBXContainerItemProxy */;
		};
/* End PBXTargetDependency section */

/* Begin PBXVariantGroup section */
		D5C5B8111DB95F7B00869703 /* Main.storyboard */ = {
			isa = PBXVariantGroup;
			children = (
				D5C5B8121DB95F7B00869703 /* Base */,
			);
			name = Main.storyboard;
			sourceTree = "<group>";
		};
		D5C5B8161DB95F7B00869703 /* LaunchScreen.storyboard */ = {
			isa = PBXVariantGroup;
			children = (
				D5C5B8171DB95F7B00869703 /* Base */,
			);
			name = LaunchScreen.storyboard;
			sourceTree = "<group>";
		};
/* End PBXVariantGroup section */

/* Begin XCBuildConfiguration section */
		D5C5B8301DB95F7B00869703 /* Debug */ = {
			isa = XCBuildConfiguration;
			buildSettings = {
				ALWAYS_SEARCH_USER_PATHS = NO;
				CLANG_ANALYZER_NONNULL = YES;
				CLANG_CXX_LANGUAGE_STANDARD = "gnu++0x";
				CLANG_CXX_LIBRARY = "libc++";
				CLANG_ENABLE_MODULES = YES;
				CLANG_ENABLE_OBJC_ARC = YES;
				CLANG_WARN_BOOL_CONVERSION = YES;
				CLANG_WARN_CONSTANT_CONVERSION = YES;
				CLANG_WARN_DIRECT_OBJC_ISA_USAGE = YES_ERROR;
				CLANG_WARN_DOCUMENTATION_COMMENTS = YES;
				CLANG_WARN_EMPTY_BODY = YES;
				CLANG_WARN_ENUM_CONVERSION = YES;
				CLANG_WARN_INFINITE_RECURSION = YES;
				CLANG_WARN_INT_CONVERSION = YES;
				CLANG_WARN_OBJC_ROOT_CLASS = YES_ERROR;
				CLANG_WARN_SUSPICIOUS_MOVES = YES;
				CLANG_WARN_UNREACHABLE_CODE = YES;
				CLANG_WARN__DUPLICATE_METHOD_MATCH = YES;
				"CODE_SIGN_IDENTITY[sdk=iphoneos*]" = "iPhone Developer";
				COPY_PHASE_STRIP = NO;
				DEBUG_INFORMATION_FORMAT = dwarf;
				ENABLE_STRICT_OBJC_MSGSEND = YES;
				ENABLE_TESTABILITY = YES;
				GCC_C_LANGUAGE_STANDARD = gnu99;
				GCC_DYNAMIC_NO_PIC = NO;
				GCC_NO_COMMON_BLOCKS = YES;
				GCC_OPTIMIZATION_LEVEL = 0;
				GCC_PREPROCESSOR_DEFINITIONS = (
					"DEBUG=1",
					"$(inherited)",
				);
				GCC_WARN_64_TO_32_BIT_CONVERSION = YES;
				GCC_WARN_ABOUT_RETURN_TYPE = YES_ERROR;
				GCC_WARN_UNDECLARED_SELECTOR = YES;
				GCC_WARN_UNINITIALIZED_AUTOS = YES_AGGRESSIVE;
				GCC_WARN_UNUSED_FUNCTION = YES;
				GCC_WARN_UNUSED_VARIABLE = YES;
				IPHONEOS_DEPLOYMENT_TARGET = 10.0;
				MTL_ENABLE_DEBUG_INFO = YES;
				ONLY_ACTIVE_ARCH = YES;
				SDKROOT = iphoneos;
				SWIFT_ACTIVE_COMPILATION_CONDITIONS = DEBUG;
				SWIFT_OPTIMIZATION_LEVEL = "-Onone";
			};
			name = Debug;
		};
		D5C5B8311DB95F7B00869703 /* Release */ = {
			isa = XCBuildConfiguration;
			buildSettings = {
				ALWAYS_SEARCH_USER_PATHS = NO;
				CLANG_ANALYZER_NONNULL = YES;
				CLANG_CXX_LANGUAGE_STANDARD = "gnu++0x";
				CLANG_CXX_LIBRARY = "libc++";
				CLANG_ENABLE_MODULES = YES;
				CLANG_ENABLE_OBJC_ARC = YES;
				CLANG_WARN_BOOL_CONVERSION = YES;
				CLANG_WARN_CONSTANT_CONVERSION = YES;
				CLANG_WARN_DIRECT_OBJC_ISA_USAGE = YES_ERROR;
				CLANG_WARN_DOCUMENTATION_COMMENTS = YES;
				CLANG_WARN_EMPTY_BODY = YES;
				CLANG_WARN_ENUM_CONVERSION = YES;
				CLANG_WARN_INFINITE_RECURSION = YES;
				CLANG_WARN_INT_CONVERSION = YES;
				CLANG_WARN_OBJC_ROOT_CLASS = YES_ERROR;
				CLANG_WARN_SUSPICIOUS_MOVES = YES;
				CLANG_WARN_UNREACHABLE_CODE = YES;
				CLANG_WARN__DUPLICATE_METHOD_MATCH = YES;
				"CODE_SIGN_IDENTITY[sdk=iphoneos*]" = "iPhone Developer";
				COPY_PHASE_STRIP = NO;
				DEBUG_INFORMATION_FORMAT = "dwarf-with-dsym";
				ENABLE_NS_ASSERTIONS = NO;
				ENABLE_STRICT_OBJC_MSGSEND = YES;
				GCC_C_LANGUAGE_STANDARD = gnu99;
				GCC_NO_COMMON_BLOCKS = YES;
				GCC_WARN_64_TO_32_BIT_CONVERSION = YES;
				GCC_WARN_ABOUT_RETURN_TYPE = YES_ERROR;
				GCC_WARN_UNDECLARED_SELECTOR = YES;
				GCC_WARN_UNINITIALIZED_AUTOS = YES_AGGRESSIVE;
				GCC_WARN_UNUSED_FUNCTION = YES;
				GCC_WARN_UNUSED_VARIABLE = YES;
				IPHONEOS_DEPLOYMENT_TARGET = 10.0;
				MTL_ENABLE_DEBUG_INFO = NO;
				SDKROOT = iphoneos;
				SWIFT_OPTIMIZATION_LEVEL = "-Owholemodule";
				VALIDATE_PRODUCT = YES;
			};
			name = Release;
		};
		D5C5B8331DB95F7B00869703 /* Debug */ = {
			isa = XCBuildConfiguration;
			buildSettings = {
				ASSETCATALOG_COMPILER_APPICON_NAME = AppIcon;
				DEVELOPMENT_TEAM = PSSB73WT7F;
				INFOPLIST_FILE = MiraclePill/Info.plist;
				LD_RUNPATH_SEARCH_PATHS = "$(inherited) @executable_path/Frameworks";
				PRODUCT_BUNDLE_IDENTIFIER = com.codeworx.MiraclePill;
				PRODUCT_NAME = "$(TARGET_NAME)";
				SWIFT_VERSION = 3.0;
			};
			name = Debug;
		};
		D5C5B8341DB95F7B00869703 /* Release */ = {
			isa = XCBuildConfiguration;
			buildSettings = {
				ASSETCATALOG_COMPILER_APPICON_NAME = AppIcon;
				DEVELOPMENT_TEAM = PSSB73WT7F;
				INFOPLIST_FILE = MiraclePill/Info.plist;
				LD_RUNPATH_SEARCH_PATHS = "$(inherited) @executable_path/Frameworks";
				PRODUCT_BUNDLE_IDENTIFIER = com.codeworx.MiraclePill;
				PRODUCT_NAME = "$(TARGET_NAME)";
				SWIFT_VERSION = 3.0;
			};
			name = Release;
		};
		D5C5B8361DB95F7B00869703 /* Debug */ = {
			isa = XCBuildConfiguration;
			buildSettings = {
				ALWAYS_EMBED_SWIFT_STANDARD_LIBRARIES = YES;
				BUNDLE_LOADER = "$(TEST_HOST)";
				DEVELOPMENT_TEAM = PSSB73WT7F;
				INFOPLIST_FILE = MiraclePillTests/Info.plist;
				LD_RUNPATH_SEARCH_PATHS = "$(inherited) @executable_path/Frameworks @loader_path/Frameworks";
				PRODUCT_BUNDLE_IDENTIFIER = com.codeworx.MiraclePillTests;
				PRODUCT_NAME = "$(TARGET_NAME)";
				SWIFT_VERSION = 3.0;
				TEST_HOST = "$(BUILT_PRODUCTS_DIR)/MiraclePill.app/MiraclePill";
			};
			name = Debug;
		};
		D5C5B8371DB95F7B00869703 /* Release */ = {
			isa = XCBuildConfiguration;
			buildSettings = {
				ALWAYS_EMBED_SWIFT_STANDARD_LIBRARIES = YES;
				BUNDLE_LOADER = "$(TEST_HOST)";
				DEVELOPMENT_TEAM = PSSB73WT7F;
				INFOPLIST_FILE = MiraclePillTests/Info.plist;
				LD_RUNPATH_SEARCH_PATHS = "$(inherited) @executable_path/Frameworks @loader_path/Frameworks";
				PRODUCT_BUNDLE_IDENTIFIER = com.codeworx.MiraclePillTests;
				PRODUCT_NAME = "$(TARGET_NAME)";
				SWIFT_VERSION = 3.0;
				TEST_HOST = "$(BUILT_PRODUCTS_DIR)/MiraclePill.app/MiraclePill";
			};
			name = Release;
		};
		D5C5B8391DB95F7B00869703 /* Debug */ = {
			isa = XCBuildConfiguration;
			buildSettings = {
				ALWAYS_EMBED_SWIFT_STANDARD_LIBRARIES = YES;
				DEVELOPMENT_TEAM = PSSB73WT7F;
				INFOPLIST_FILE = MiraclePillUITests/Info.plist;
				LD_RUNPATH_SEARCH_PATHS = "$(inherited) @executable_path/Frameworks @loader_path/Frameworks";
				PRODUCT_BUNDLE_IDENTIFIER = com.codeworx.MiraclePillUITests;
				PRODUCT_NAME = "$(TARGET_NAME)";
				SWIFT_VERSION = 3.0;
				TEST_TARGET_NAME = MiraclePill;
			};
			name = Debug;
		};
		D5C5B83A1DB95F7B00869703 /* Release */ = {
			isa = XCBuildConfiguration;
			buildSettings = {
				ALWAYS_EMBED_SWIFT_STANDARD_LIBRARIES = YES;
				DEVELOPMENT_TEAM = PSSB73WT7F;
				INFOPLIST_FILE = MiraclePillUITests/Info.plist;
				LD_RUNPATH_SEARCH_PATHS = "$(inherited) @executable_path/Frameworks @loader_path/Frameworks";
				PRODUCT_BUNDLE_IDENTIFIER = com.codeworx.MiraclePillUITests;
				PRODUCT_NAME = "$(TARGET_NAME)";
				SWIFT_VERSION = 3.0;
				TEST_TARGET_NAME = MiraclePill;
			};
			name = Release;
		};
/* End XCBuildConfiguration section */

/* Begin XCConfigurationList section */
		D5C5B8051DB95F7800869703 /* Build configuration list for PBXProject "MiraclePill" */ = {
			isa = XCConfigurationList;
			buildConfigurations = (
				D5C5B8301DB95F7B00869703 /* Debug */,
				D5C5B8311DB95F7B00869703 /* Release */,
			);
			defaultConfigurationIsVisible = 0;
			defaultConfigurationName = Release;
		};
		D5C5B8321DB95F7B00869703 /* Build configuration list for PBXNativeTarget "MiraclePill" */ = {
			isa = XCConfigurationList;
			buildConfigurations = (
				D5C5B8331DB95F7B00869703 /* Debug */,
				D5C5B8341DB95F7B00869703 /* Release */,
			);
			defaultConfigurationIsVisible = 0;
		};
		D5C5B8351DB95F7B00869703 /* Build configuration list for PBXNativeTarget "MiraclePillTests" */ = {
			isa = XCConfigurationList;
			buildConfigurations = (
				D5C5B8361DB95F7B00869703 /* Debug */,
				D5C5B8371DB95F7B00869703 /* Release */,
			);
			defaultConfigurationIsVisible = 0;
		};
		D5C5B8381DB95F7B00869703 /* Build configuration list for PBXNativeTarget "MiraclePillUITests" */ = {
			isa = XCConfigurationList;
			buildConfigurations = (
				D5C5B8391DB95F7B00869703 /* Debug */,
				D5C5B83A1DB95F7B00869703 /* Release */,
			);
			defaultConfigurationIsVisible = 0;
		};
/* End XCConfigurationList section */
	};
	rootObject = D5C5B8021DB95F7800869703 /* Project object */;
}
